// !$*UTF8*$!
{
	archiveVersion = 1;
	classes = {
	};
	objectVersion = 46;
	objects = {

/* Begin PBXBuildFile section */
		20E95D601CFFD97000C9B9D4 /* BHProgressHUD.swift in Sources */ = {isa = PBXBuildFile; fileRef = 20E95D5F1CFFD96F00C9B9D4 /* BHProgressHUD.swift */; };
		CC2316001CFF0B1E00E46553 /* AppDelegate.swift in Sources */ = {isa = PBXBuildFile; fileRef = CC2315FF1CFF0B1E00E46553 /* AppDelegate.swift */; };
		CC2316021CFF0B1E00E46553 /* ViewController.swift in Sources */ = {isa = PBXBuildFile; fileRef = CC2316011CFF0B1E00E46553 /* ViewController.swift */; };
		CC2316051CFF0B1E00E46553 /* Main.storyboard in Resources */ = {isa = PBXBuildFile; fileRef = CC2316031CFF0B1E00E46553 /* Main.storyboard */; };
		CC2316071CFF0B1E00E46553 /* Assets.xcassets in Resources */ = {isa = PBXBuildFile; fileRef = CC2316061CFF0B1E00E46553 /* Assets.xcassets */; };
		CC23160A1CFF0B1E00E46553 /* LaunchScreen.storyboard in Resources */ = {isa = PBXBuildFile; fileRef = CC2316081CFF0B1E00E46553 /* LaunchScreen.storyboard */; };
		CC2316151CFF0B1F00E46553 /* BHProgressHUD_DemoTests.swift in Sources */ = {isa = PBXBuildFile; fileRef = CC2316141CFF0B1E00E46553 /* BHProgressHUD_DemoTests.swift */; };
/* End PBXBuildFile section */

/* Begin PBXContainerItemProxy section */
		CC2316111CFF0B1E00E46553 /* PBXContainerItemProxy */ = {
			isa = PBXContainerItemProxy;
			containerPortal = CC2315F41CFF0B1E00E46553 /* Project object */;
			proxyType = 1;
			remoteGlobalIDString = CC2315FB1CFF0B1E00E46553;
			remoteInfo = "BHProgressHUD-Demo";
		};
/* End PBXContainerItemProxy section */

/* Begin PBXFileReference section */
		20E95D5F1CFFD96F00C9B9D4 /* BHProgressHUD.swift */ = {isa = PBXFileReference; fileEncoding = 4; lastKnownFileType = sourcecode.swift; name = BHProgressHUD.swift; path = ../BHProgressHUD/BHProgressHUD/BHProgressHUD.swift; sourceTree = "<group>"; };
		CC2315FC1CFF0B1E00E46553 /* BHProgressHUD-Demo.app */ = {isa = PBXFileReference; explicitFileType = wrapper.application; includeInIndex = 0; path = "BHProgressHUD-Demo.app"; sourceTree = BUILT_PRODUCTS_DIR; };
		CC2315FF1CFF0B1E00E46553 /* AppDelegate.swift */ = {isa = PBXFileReference; lastKnownFileType = sourcecode.swift; path = AppDelegate.swift; sourceTree = "<group>"; };
		CC2316011CFF0B1E00E46553 /* ViewController.swift */ = {isa = PBXFileReference; lastKnownFileType = sourcecode.swift; path = ViewController.swift; sourceTree = "<group>"; };
		CC2316041CFF0B1E00E46553 /* Base */ = {isa = PBXFileReference; lastKnownFileType = file.storyboard; name = Base; path = Base.lproj/Main.storyboard; sourceTree = "<group>"; };
		CC2316061CFF0B1E00E46553 /* Assets.xcassets */ = {isa = PBXFileReference; lastKnownFileType = folder.assetcatalog; path = Assets.xcassets; sourceTree = "<group>"; };
		CC2316091CFF0B1E00E46553 /* Base */ = {isa = PBXFileReference; lastKnownFileType = file.storyboard; name = Base; path = Base.lproj/LaunchScreen.storyboard; sourceTree = "<group>"; };
		CC23160B1CFF0B1E00E46553 /* Info.plist */ = {isa = PBXFileReference; lastKnownFileType = text.plist.xml; path = Info.plist; sourceTree = "<group>"; };
		CC2316101CFF0B1E00E46553 /* BHProgressHUD-DemoTests.xctest */ = {isa = PBXFileReference; explicitFileType = wrapper.cfbundle; includeInIndex = 0; path = "BHProgressHUD-DemoTests.xctest"; sourceTree = BUILT_PRODUCTS_DIR; };
		CC2316141CFF0B1E00E46553 /* BHProgressHUD_DemoTests.swift */ = {isa = PBXFileReference; lastKnownFileType = sourcecode.swift; path = BHProgressHUD_DemoTests.swift; sourceTree = "<group>"; };
		CC2316161CFF0B1F00E46553 /* Info.plist */ = {isa = PBXFileReference; lastKnownFileType = text.plist.xml; path = Info.plist; sourceTree = "<group>"; };
/* End PBXFileReference section */

/* Begin PBXFrameworksBuildPhase section */
		CC2315F91CFF0B1E00E46553 /* Frameworks */ = {
			isa = PBXFrameworksBuildPhase;
			buildActionMask = 2147483647;
			files = (
			);
			runOnlyForDeploymentPostprocessing = 0;
		};
		CC23160D1CFF0B1E00E46553 /* Frameworks */ = {
			isa = PBXFrameworksBuildPhase;
			buildActionMask = 2147483647;
			files = (
			);
			runOnlyForDeploymentPostprocessing = 0;
		};
/* End PBXFrameworksBuildPhase section */

/* Begin PBXGroup section */
		20E95D5E1CFFD95B00C9B9D4 /* BHProgressHUD */ = {
			isa = PBXGroup;
			children = (
				20E95D5F1CFFD96F00C9B9D4 /* BHProgressHUD.swift */,
			);
			name = BHProgressHUD;
			sourceTree = "<group>";
		};
		CC2315F31CFF0B1E00E46553 = {
			isa = PBXGroup;
			children = (
				20E95D5E1CFFD95B00C9B9D4 /* BHProgressHUD */,
				CC2315FE1CFF0B1E00E46553 /* BHProgressHUD-Demo */,
				CC2316131CFF0B1E00E46553 /* BHProgressHUD-DemoTests */,
				CC2315FD1CFF0B1E00E46553 /* Products */,
			);
			sourceTree = "<group>";
		};
		CC2315FD1CFF0B1E00E46553 /* Products */ = {
			isa = PBXGroup;
			children = (
				CC2315FC1CFF0B1E00E46553 /* BHProgressHUD-Demo.app */,
				CC2316101CFF0B1E00E46553 /* BHProgressHUD-DemoTests.xctest */,
			);
			name = Products;
			sourceTree = "<group>";
		};
		CC2315FE1CFF0B1E00E46553 /* BHProgressHUD-Demo */ = {
			isa = PBXGroup;
			children = (
				CC2315FF1CFF0B1E00E46553 /* AppDelegate.swift */,
				CC2316011CFF0B1E00E46553 /* ViewController.swift */,
				CC2316031CFF0B1E00E46553 /* Main.storyboard */,
				CC2316061CFF0B1E00E46553 /* Assets.xcassets */,
				CC2316081CFF0B1E00E46553 /* LaunchScreen.storyboard */,
				CC23160B1CFF0B1E00E46553 /* Info.plist */,
			);
			path = "BHProgressHUD-Demo";
			sourceTree = "<group>";
		};
		CC2316131CFF0B1E00E46553 /* BHProgressHUD-DemoTests */ = {
			isa = PBXGroup;
			children = (
				CC2316141CFF0B1E00E46553 /* BHProgressHUD_DemoTests.swift */,
				CC2316161CFF0B1F00E46553 /* Info.plist */,
			);
			path = "BHProgressHUD-DemoTests";
			sourceTree = "<group>";
		};
/* End PBXGroup section */

/* Begin PBXNativeTarget section */
		CC2315FB1CFF0B1E00E46553 /* BHProgressHUD-Demo */ = {
			isa = PBXNativeTarget;
			buildConfigurationList = CC2316191CFF0B1F00E46553 /* Build configuration list for PBXNativeTarget "BHProgressHUD-Demo" */;
			buildPhases = (
				CC2315F81CFF0B1E00E46553 /* Sources */,
				CC2315F91CFF0B1E00E46553 /* Frameworks */,
				CC2315FA1CFF0B1E00E46553 /* Resources */,
			);
			buildRules = (
			);
			dependencies = (
			);
			name = "BHProgressHUD-Demo";
			productName = "BHProgressHUD-Demo";
			productReference = CC2315FC1CFF0B1E00E46553 /* BHProgressHUD-Demo.app */;
			productType = "com.apple.product-type.application";
		};
		CC23160F1CFF0B1E00E46553 /* BHProgressHUD-DemoTests */ = {
			isa = PBXNativeTarget;
			buildConfigurationList = CC23161C1CFF0B1F00E46553 /* Build configuration list for PBXNativeTarget "BHProgressHUD-DemoTests" */;
			buildPhases = (
				CC23160C1CFF0B1E00E46553 /* Sources */,
				CC23160D1CFF0B1E00E46553 /* Frameworks */,
				CC23160E1CFF0B1E00E46553 /* Resources */,
			);
			buildRules = (
			);
			dependencies = (
				CC2316121CFF0B1E00E46553 /* PBXTargetDependency */,
			);
			name = "BHProgressHUD-DemoTests";
			productName = "BHProgressHUD-DemoTests";
			productReference = CC2316101CFF0B1E00E46553 /* BHProgressHUD-DemoTests.xctest */;
			productType = "com.apple.product-type.bundle.unit-test";
		};
/* End PBXNativeTarget section */

/* Begin PBXProject section */
		CC2315F41CFF0B1E00E46553 /* Project object */ = {
			isa = PBXProject;
			attributes = {
				LastSwiftUpdateCheck = 0730;
				LastUpgradeCheck = 0730;
				ORGANIZATIONNAME = iBinaryOrg;
				TargetAttributes = {
					CC2315FB1CFF0B1E00E46553 = {
						CreatedOnToolsVersion = 7.3.1;
					};
					CC23160F1CFF0B1E00E46553 = {
						CreatedOnToolsVersion = 7.3.1;
						TestTargetID = CC2315FB1CFF0B1E00E46553;
					};
				};
			};
			buildConfigurationList = CC2315F71CFF0B1E00E46553 /* Build configuration list for PBXProject "BHProgressHUD-Demo" */;
			compatibilityVersion = "Xcode 3.2";
			developmentRegion = English;
			hasScannedForEncodings = 0;
			knownRegions = (
				en,
				Base,
			);
			mainGroup = CC2315F31CFF0B1E00E46553;
			productRefGroup = CC2315FD1CFF0B1E00E46553 /* Products */;
			projectDirPath = "";
			projectRoot = "";
			targets = (
				CC2315FB1CFF0B1E00E46553 /* BHProgressHUD-Demo */,
				CC23160F1CFF0B1E00E46553 /* BHProgressHUD-DemoTests */,
			);
		};
/* End PBXProject section */

/* Begin PBXResourcesBuildPhase section */
		CC2315FA1CFF0B1E00E46553 /* Resources */ = {
			isa = PBXResourcesBuildPhase;
			buildActionMask = 2147483647;
			files = (
				CC23160A1CFF0B1E00E46553 /* LaunchScreen.storyboard in Resources */,
				CC2316071CFF0B1E00E46553 /* Assets.xcassets in Resources */,
				CC2316051CFF0B1E00E46553 /* Main.storyboard in Resources */,
			);
			runOnlyForDeploymentPostprocessing = 0;
		};
		CC23160E1CFF0B1E00E46553 /* Resources */ = {
			isa = PBXResourcesBuildPhase;
			buildActionMask = 2147483647;
			files = (
			);
			runOnlyForDeploymentPostprocessing = 0;
		};
/* End PBXResourcesBuildPhase section */

/* Begin PBXSourcesBuildPhase section */
		CC2315F81CFF0B1E00E46553 /* Sources */ = {
			isa = PBXSourcesBuildPhase;
			buildActionMask = 2147483647;
			files = (
				CC2316021CFF0B1E00E46553 /* ViewController.swift in Sources */,
				20E95D601CFFD97000C9B9D4 /* BHProgressHUD.swift in Sources */,
				CC2316001CFF0B1E00E46553 /* AppDelegate.swift in Sources */,
			);
			runOnlyForDeploymentPostprocessing = 0;
		};
		CC23160C1CFF0B1E00E46553 /* Sources */ = {
			isa = PBXSourcesBuildPhase;
			buildActionMask = 2147483647;
			files = (
				CC2316151CFF0B1F00E46553 /* BHProgressHUD_DemoTests.swift in Sources */,
			);
			runOnlyForDeploymentPostprocessing = 0;
		};
/* End PBXSourcesBuildPhase section */

/* Begin PBXTargetDependency section */
		CC2316121CFF0B1E00E46553 /* PBXTargetDependency */ = {
			isa = PBXTargetDependency;
			target = CC2315FB1CFF0B1E00E46553 /* BHProgressHUD-Demo */;
			targetProxy = CC2316111CFF0B1E00E46553 /* PBXContainerItemProxy */;
		};
/* End PBXTargetDependency section */

/* Begin PBXVariantGroup section */
		CC2316031CFF0B1E00E46553 /* Main.storyboard */ = {
			isa = PBXVariantGroup;
			children = (
				CC2316041CFF0B1E00E46553 /* Base */,
			);
			name = Main.storyboard;
			sourceTree = "<group>";
		};
		CC2316081CFF0B1E00E46553 /* LaunchScreen.storyboard */ = {
			isa = PBXVariantGroup;
			children = (
				CC2316091CFF0B1E00E46553 /* Base */,
			);
			name = LaunchScreen.storyboard;
			sourceTree = "<group>";
		};
/* End PBXVariantGroup section */

/* Begin XCBuildConfiguration section */
		CC2316171CFF0B1F00E46553 /* Debug */ = {
			isa = XCBuildConfiguration;
			buildSettings = {
				ALWAYS_SEARCH_USER_PATHS = NO;
				CLANG_ANALYZER_NONNULL = YES;
				CLANG_CXX_LANGUAGE_STANDARD = "gnu++0x";
				CLANG_CXX_LIBRARY = "libc++";
				CLANG_ENABLE_MODULES = YES;
				CLANG_ENABLE_OBJC_ARC = YES;
				CLANG_WARN_BOOL_CONVERSION = YES;
				CLANG_WARN_CONSTANT_CONVERSION = YES;
				CLANG_WARN_DIRECT_OBJC_ISA_USAGE = YES_ERROR;
				CLANG_WARN_EMPTY_BODY = YES;
				CLANG_WARN_ENUM_CONVERSION = YES;
				CLANG_WARN_INT_CONVERSION = YES;
				CLANG_WARN_OBJC_ROOT_CLASS = YES_ERROR;
				CLANG_WARN_UNREACHABLE_CODE = YES;
				CLANG_WARN__DUPLICATE_METHOD_MATCH = YES;
				"CODE_SIGN_IDENTITY[sdk=iphoneos*]" = "iPhone Developer";
				COPY_PHASE_STRIP = NO;
				DEBUG_INFORMATION_FORMAT = dwarf;
				ENABLE_STRICT_OBJC_MSGSEND = YES;
				ENABLE_TESTABILITY = YES;
				GCC_C_LANGUAGE_STANDARD = gnu99;
				GCC_DYNAMIC_NO_PIC = NO;
				GCC_NO_COMMON_BLOCKS = YES;
				GCC_OPTIMIZATION_LEVEL = 0;
				GCC_PREPROCESSOR_DEFINITIONS = (
					"DEBUG=1",
					"$(inherited)",
				);
				GCC_WARN_64_TO_32_BIT_CONVERSION = YES;
				GCC_WARN_ABOUT_RETURN_TYPE = YES_ERROR;
				GCC_WARN_UNDECLARED_SELECTOR = YES;
				GCC_WARN_UNINITIALIZED_AUTOS = YES_AGGRESSIVE;
				GCC_WARN_UNUSED_FUNCTION = YES;
				GCC_WARN_UNUSED_VARIABLE = YES;
				IPHONEOS_DEPLOYMENT_TARGET = 9.3;
				MTL_ENABLE_DEBUG_INFO = YES;
				ONLY_ACTIVE_ARCH = YES;
				SDKROOT = iphoneos;
				SWIFT_OPTIMIZATION_LEVEL = "-Onone";
				TARGETED_DEVICE_FAMILY = "1,2";
			};
			name = Debug;
		};
		CC2316181CFF0B1F00E46553 /* Release */ = {
			isa = XCBuildConfiguration;
			buildSettings = {
				ALWAYS_SEARCH_USER_PATHS = NO;
				CLANG_ANALYZER_NONNULL = YES;
				CLANG_CXX_LANGUAGE_STANDARD = "gnu++0x";
				CLANG_CXX_LIBRARY = "libc++";
				CLANG_ENABLE_MODULES = YES;
				CLANG_ENABLE_OBJC_ARC = YES;
				CLANG_WARN_BOOL_CONVERSION = YES;
				CLANG_WARN_CONSTANT_CONVERSION = YES;
				CLANG_WARN_DIRECT_OBJC_ISA_USAGE = YES_ERROR;
				CLANG_WARN_EMPTY_BODY = YES;
				CLANG_WARN_ENUM_CONVERSION = YES;
				CLANG_WARN_INT_CONVERSION = YES;
				CLANG_WARN_OBJC_ROOT_CLASS = YES_ERROR;
				CLANG_WARN_UNREACHABLE_CODE = YES;
				CLANG_WARN__DUPLICATE_METHOD_MATCH = YES;
				"CODE_SIGN_IDENTITY[sdk=iphoneos*]" = "iPhone Developer";
				COPY_PHASE_STRIP = NO;
				DEBUG_INFORMATION_FORMAT = "dwarf-with-dsym";
				ENABLE_NS_ASSERTIONS = NO;
				ENABLE_STRICT_OBJC_MSGSEND = YES;
				GCC_C_LANGUAGE_STANDARD = gnu99;
				GCC_NO_COMMON_BLOCKS = YES;
				GCC_WARN_64_TO_32_BIT_CONVERSION = YES;
				GCC_WARN_ABOUT_RETURN_TYPE = YES_ERROR;
				GCC_WARN_UNDECLARED_SELECTOR = YES;
				GCC_WARN_UNINITIALIZED_AUTOS = YES_AGGRESSIVE;
				GCC_WARN_UNUSED_FUNCTION = YES;
				GCC_WARN_UNUSED_VARIABLE = YES;
				IPHONEOS_DEPLOYMENT_TARGET = 9.3;
				MTL_ENABLE_DEBUG_INFO = NO;
				SDKROOT = iphoneos;
				TARGETED_DEVICE_FAMILY = "1,2";
				VALIDATE_PRODUCT = YES;
			};
			name = Release;
		};
		CC23161A1CFF0B1F00E46553 /* Debug */ = {
			isa = XCBuildConfiguration;
			buildSettings = {
				ASSETCATALOG_COMPILER_APPICON_NAME = AppIcon;
				INFOPLIST_FILE = "BHProgressHUD-Demo/Info.plist";
				IPHONEOS_DEPLOYMENT_TARGET = 7.0;
				LD_RUNPATH_SEARCH_PATHS = "$(inherited) @executable_path/Frameworks";
				PRODUCT_BUNDLE_IDENTIFIER = "com.iBinaryOrg.BHProgressHUD-Demo";
				PRODUCT_NAME = "$(TARGET_NAME)";
			};
			name = Debug;
		};
		CC23161B1CFF0B1F00E46553 /* Release */ = {
			isa = XCBuildConfiguration;
			buildSettings = {
				ASSETCATALOG_COMPILER_APPICON_NAME = AppIcon;
				INFOPLIST_FILE = "BHProgressHUD-Demo/Info.plist";
				IPHONEOS_DEPLOYMENT_TARGET = 7.0;
				LD_RUNPATH_SEARCH_PATHS = "$(inherited) @executable_path/Frameworks";
				PRODUCT_BUNDLE_IDENTIFIER = "com.iBinaryOrg.BHProgressHUD-Demo";
				PRODUCT_NAME = "$(TARGET_NAME)";
			};
			name = Release;
		};
		CC23161D1CFF0B1F00E46553 /* Debug */ = {
			isa = XCBuildConfiguration;
			buildSettings = {
				BUNDLE_LOADER = "$(TEST_HOST)";
				INFOPLIST_FILE = "BHProgressHUD-DemoTests/Info.plist";
				LD_RUNPATH_SEARCH_PATHS = "$(inherited) @executable_path/Frameworks @loader_path/Frameworks";
				PRODUCT_BUNDLE_IDENTIFIER = "com.iBinaryOrg.BHProgressHUD-DemoTests";
				PRODUCT_NAME = "$(TARGET_NAME)";
				TEST_HOST = "$(BUILT_PRODUCTS_DIR)/BHProgressHUD-Demo.app/BHProgressHUD-Demo";
			};
			name = Debug;
		};
		CC23161E1CFF0B1F00E46553 /* Release */ = {
			isa = XCBuildConfiguration;
			buildSettings = {
				BUNDLE_LOADER = "$(TEST_HOST)";
				INFOPLIST_FILE = "BHProgressHUD-DemoTests/Info.plist";
				LD_RUNPATH_SEARCH_PATHS = "$(inherited) @executable_path/Frameworks @loader_path/Frameworks";
				PRODUCT_BUNDLE_IDENTIFIER = "com.iBinaryOrg.BHProgressHUD-DemoTests";
				PRODUCT_NAME = "$(TARGET_NAME)";
				TEST_HOST = "$(BUILT_PRODUCTS_DIR)/BHProgressHUD-Demo.app/BHProgressHUD-Demo";
			};
			name = Release;
		};
/* End XCBuildConfiguration section */

/* Begin XCConfigurationList section */
		CC2315F71CFF0B1E00E46553 /* Build configuration list for PBXProject "BHProgressHUD-Demo" */ = {
			isa = XCConfigurationList;
			buildConfigurations = (
				CC2316171CFF0B1F00E46553 /* Debug */,
				CC2316181CFF0B1F00E46553 /* Release */,
			);
			defaultConfigurationIsVisible = 0;
			defaultConfigurationName = Release;
		};
		CC2316191CFF0B1F00E46553 /* Build configuration list for PBXNativeTarget "BHProgressHUD-Demo" */ = {
			isa = XCConfigurationList;
			buildConfigurations = (
				CC23161A1CFF0B1F00E46553 /* Debug */,
				CC23161B1CFF0B1F00E46553 /* Release */,
			);
			defaultConfigurationIsVisible = 0;
		};
		CC23161C1CFF0B1F00E46553 /* Build configuration list for PBXNativeTarget "BHProgressHUD-DemoTests" */ = {
			isa = XCConfigurationList;
			buildConfigurations = (
				CC23161D1CFF0B1F00E46553 /* Debug */,
				CC23161E1CFF0B1F00E46553 /* Release */,
			);
			defaultConfigurationIsVisible = 0;
		};
/* End XCConfigurationList section */
	};
	rootObject = CC2315F41CFF0B1E00E46553 /* Project object */;
}
